// !$*UTF8*$!
{
	archiveVersion = 1;
	classes = {
	};
	objectVersion = 46;
	objects = {

/* Begin PBXBuildFile section */
		43FDFE901F68CAA500D776BF /* AppDelegate.swift in Sources */ = {isa = PBXBuildFile; fileRef = 43FDFE8F1F68CAA500D776BF /* AppDelegate.swift */; };
		43FDFE921F68CAA500D776BF /* FirstViewController.swift in Sources */ = {isa = PBXBuildFile; fileRef = 43FDFE911F68CAA500D776BF /* FirstViewController.swift */; };
		43FDFE941F68CAA500D776BF /* SecondViewController.swift in Sources */ = {isa = PBXBuildFile; fileRef = 43FDFE931F68CAA500D776BF /* SecondViewController.swift */; };
		43FDFE971F68CAA500D776BF /* Main.storyboard in Resources */ = {isa = PBXBuildFile; fileRef = 43FDFE951F68CAA500D776BF /* Main.storyboard */; };
		43FDFE991F68CAA500D776BF /* Assets.xcassets in Resources */ = {isa = PBXBuildFile; fileRef = 43FDFE981F68CAA500D776BF /* Assets.xcassets */; };
		43FDFE9C1F68CAA500D776BF /* LaunchScreen.storyboard in Resources */ = {isa = PBXBuildFile; fileRef = 43FDFE9A1F68CAA500D776BF /* LaunchScreen.storyboard */; };
		43FDFEA71F68CAA500D776BF /* HybridContainerTests.swift in Sources */ = {isa = PBXBuildFile; fileRef = 43FDFEA61F68CAA500D776BF /* HybridContainerTests.swift */; };
		43FDFEB21F68CAA500D776BF /* HybridContainerUITests.swift in Sources */ = {isa = PBXBuildFile; fileRef = 43FDFEB11F68CAA500D776BF /* HybridContainerUITests.swift */; };
/* End PBXBuildFile section */

/* Begin PBXContainerItemProxy section */
		43FDFEA31F68CAA500D776BF /* PBXContainerItemProxy */ = {
			isa = PBXContainerItemProxy;
			containerPortal = 43FDFE841F68CAA400D776BF /* Project object */;
			proxyType = 1;
			remoteGlobalIDString = 43FDFE8B1F68CAA500D776BF;
			remoteInfo = HybridContainer;
		};
		43FDFEAE1F68CAA500D776BF /* PBXContainerItemProxy */ = {
			isa = PBXContainerItemProxy;
			containerPortal = 43FDFE841F68CAA400D776BF /* Project object */;
			proxyType = 1;
			remoteGlobalIDString = 43FDFE8B1F68CAA500D776BF;
			remoteInfo = HybridContainer;
		};
/* End PBXContainerItemProxy section */

/* Begin PBXFileReference section */
		43FDFE8C1F68CAA500D776BF /* HybridContainer.app */ = {isa = PBXFileReference; explicitFileType = wrapper.application; includeInIndex = 0; path = HybridContainer.app; sourceTree = BUILT_PRODUCTS_DIR; };
		43FDFE8F1F68CAA500D776BF /* AppDelegate.swift */ = {isa = PBXFileReference; lastKnownFileType = sourcecode.swift; path = AppDelegate.swift; sourceTree = "<group>"; };
		43FDFE911F68CAA500D776BF /* FirstViewController.swift */ = {isa = PBXFileReference; lastKnownFileType = sourcecode.swift; path = FirstViewController.swift; sourceTree = "<group>"; };
		43FDFE931F68CAA500D776BF /* SecondViewController.swift */ = {isa = PBXFileReference; lastKnownFileType = sourcecode.swift; path = SecondViewController.swift; sourceTree = "<group>"; };
		43FDFE961F68CAA500D776BF /* Base */ = {isa = PBXFileReference; lastKnownFileType = file.storyboard; name = Base; path = Base.lproj/Main.storyboard; sourceTree = "<group>"; };
		43FDFE981F68CAA500D776BF /* Assets.xcassets */ = {isa = PBXFileReference; lastKnownFileType = folder.assetcatalog; path = Assets.xcassets; sourceTree = "<group>"; };
		43FDFE9B1F68CAA500D776BF /* Base */ = {isa = PBXFileReference; lastKnownFileType = file.storyboard; name = Base; path = Base.lproj/LaunchScreen.storyboard; sourceTree = "<group>"; };
		43FDFE9D1F68CAA500D776BF /* Info.plist */ = {isa = PBXFileReference; lastKnownFileType = text.plist.xml; path = Info.plist; sourceTree = "<group>"; };
		43FDFEA21F68CAA500D776BF /* HybridContainerTests.xctest */ = {isa = PBXFileReference; explicitFileType = wrapper.cfbundle; includeInIndex = 0; path = HybridContainerTests.xctest; sourceTree = BUILT_PRODUCTS_DIR; };
		43FDFEA61F68CAA500D776BF /* HybridContainerTests.swift */ = {isa = PBXFileReference; lastKnownFileType = sourcecode.swift; path = HybridContainerTests.swift; sourceTree = "<group>"; };
		43FDFEA81F68CAA500D776BF /* Info.plist */ = {isa = PBXFileReference; lastKnownFileType = text.plist.xml; path = Info.plist; sourceTree = "<group>"; };
		43FDFEAD1F68CAA500D776BF /* HybridContainerUITests.xctest */ = {isa = PBXFileReference; explicitFileType = wrapper.cfbundle; includeInIndex = 0; path = HybridContainerUITests.xctest; sourceTree = BUILT_PRODUCTS_DIR; };
		43FDFEB11F68CAA500D776BF /* HybridContainerUITests.swift */ = {isa = PBXFileReference; lastKnownFileType = sourcecode.swift; path = HybridContainerUITests.swift; sourceTree = "<group>"; };
		43FDFEB31F68CAA500D776BF /* Info.plist */ = {isa = PBXFileReference; lastKnownFileType = text.plist.xml; path = Info.plist; sourceTree = "<group>"; };
/* End PBXFileReference section */

/* Begin PBXFrameworksBuildPhase section */
		43FDFE891F68CAA500D776BF /* Frameworks */ = {
			isa = PBXFrameworksBuildPhase;
			buildActionMask = 2147483647;
			files = (
			);
			runOnlyForDeploymentPostprocessing = 0;
		};
		43FDFE9F1F68CAA500D776BF /* Frameworks */ = {
			isa = PBXFrameworksBuildPhase;
			buildActionMask = 2147483647;
			files = (
			);
			runOnlyForDeploymentPostprocessing = 0;
		};
		43FDFEAA1F68CAA500D776BF /* Frameworks */ = {
			isa = PBXFrameworksBuildPhase;
			buildActionMask = 2147483647;
			files = (
			);
			runOnlyForDeploymentPostprocessing = 0;
		};
/* End PBXFrameworksBuildPhase section */

/* Begin PBXGroup section */
		43FDFE831F68CAA400D776BF = {
			isa = PBXGroup;
			children = (
				43FDFE8E1F68CAA500D776BF /* HybridContainer */,
				43FDFEA51F68CAA500D776BF /* HybridContainerTests */,
				43FDFEB01F68CAA500D776BF /* HybridContainerUITests */,
				43FDFE8D1F68CAA500D776BF /* Products */,
			);
			sourceTree = "<group>";
		};
		43FDFE8D1F68CAA500D776BF /* Products */ = {
			isa = PBXGroup;
			children = (
				43FDFE8C1F68CAA500D776BF /* HybridContainer.app */,
				43FDFEA21F68CAA500D776BF /* HybridContainerTests.xctest */,
				43FDFEAD1F68CAA500D776BF /* HybridContainerUITests.xctest */,
			);
			name = Products;
			sourceTree = "<group>";
		};
		43FDFE8E1F68CAA500D776BF /* HybridContainer */ = {
			isa = PBXGroup;
			children = (
				43FDFE8F1F68CAA500D776BF /* AppDelegate.swift */,
				43FDFE911F68CAA500D776BF /* FirstViewController.swift */,
				43FDFE931F68CAA500D776BF /* SecondViewController.swift */,
				43FDFE951F68CAA500D776BF /* Main.storyboard */,
				43FDFE981F68CAA500D776BF /* Assets.xcassets */,
				43FDFE9A1F68CAA500D776BF /* LaunchScreen.storyboard */,
				43FDFE9D1F68CAA500D776BF /* Info.plist */,
			);
			path = HybridContainer;
			sourceTree = "<group>";
		};
		43FDFEA51F68CAA500D776BF /* HybridContainerTests */ = {
			isa = PBXGroup;
			children = (
				43FDFEA61F68CAA500D776BF /* HybridContainerTests.swift */,
				43FDFEA81F68CAA500D776BF /* Info.plist */,
			);
			path = HybridContainerTests;
			sourceTree = "<group>";
		};
		43FDFEB01F68CAA500D776BF /* HybridContainerUITests */ = {
			isa = PBXGroup;
			children = (
				43FDFEB11F68CAA500D776BF /* HybridContainerUITests.swift */,
				43FDFEB31F68CAA500D776BF /* Info.plist */,
			);
			path = HybridContainerUITests;
			sourceTree = "<group>";
		};
/* End PBXGroup section */

/* Begin PBXNativeTarget section */
		43FDFE8B1F68CAA500D776BF /* HybridContainer */ = {
			isa = PBXNativeTarget;
			buildConfigurationList = 43FDFEB61F68CAA500D776BF /* Build configuration list for PBXNativeTarget "HybridContainer" */;
			buildPhases = (
				43FDFE881F68CAA500D776BF /* Sources */,
				43FDFE891F68CAA500D776BF /* Frameworks */,
				43FDFE8A1F68CAA500D776BF /* Resources */,
			);
			buildRules = (
			);
			dependencies = (
			);
			name = HybridContainer;
			productName = HybridContainer;
			productReference = 43FDFE8C1F68CAA500D776BF /* HybridContainer.app */;
			productType = "com.apple.product-type.application";
		};
		43FDFEA11F68CAA500D776BF /* HybridContainerTests */ = {
			isa = PBXNativeTarget;
			buildConfigurationList = 43FDFEB91F68CAA500D776BF /* Build configuration list for PBXNativeTarget "HybridContainerTests" */;
			buildPhases = (
				43FDFE9E1F68CAA500D776BF /* Sources */,
				43FDFE9F1F68CAA500D776BF /* Frameworks */,
				43FDFEA01F68CAA500D776BF /* Resources */,
			);
			buildRules = (
			);
			dependencies = (
				43FDFEA41F68CAA500D776BF /* PBXTargetDependency */,
			);
			name = HybridContainerTests;
			productName = HybridContainerTests;
			productReference = 43FDFEA21F68CAA500D776BF /* HybridContainerTests.xctest */;
			productType = "com.apple.product-type.bundle.unit-test";
		};
		43FDFEAC1F68CAA500D776BF /* HybridContainerUITests */ = {
			isa = PBXNativeTarget;
			buildConfigurationList = 43FDFEBC1F68CAA500D776BF /* Build configuration list for PBXNativeTarget "HybridContainerUITests" */;
			buildPhases = (
				43FDFEA91F68CAA500D776BF /* Sources */,
				43FDFEAA1F68CAA500D776BF /* Frameworks */,
				43FDFEAB1F68CAA500D776BF /* Resources */,
			);
			buildRules = (
			);
			dependencies = (
				43FDFEAF1F68CAA500D776BF /* PBXTargetDependency */,
			);
			name = HybridContainerUITests;
			productName = HybridContainerUITests;
			productReference = 43FDFEAD1F68CAA500D776BF /* HybridContainerUITests.xctest */;
			productType = "com.apple.product-type.bundle.ui-testing";
		};
/* End PBXNativeTarget section */

/* Begin PBXProject section */
		43FDFE841F68CAA400D776BF /* Project object */ = {
			isa = PBXProject;
			attributes = {
				LastSwiftUpdateCheck = 0830;
				LastUpgradeCheck = 0830;
				ORGANIZATIONNAME = "Kaiqi Gong";
				TargetAttributes = {
					43FDFE8B1F68CAA500D776BF = {
						CreatedOnToolsVersion = 8.3.3;
						ProvisioningStyle = Automatic;
					};
					43FDFEA11F68CAA500D776BF = {
						CreatedOnToolsVersion = 8.3.3;
						ProvisioningStyle = Automatic;
						TestTargetID = 43FDFE8B1F68CAA500D776BF;
					};
					43FDFEAC1F68CAA500D776BF = {
						CreatedOnToolsVersion = 8.3.3;
						ProvisioningStyle = Automatic;
						TestTargetID = 43FDFE8B1F68CAA500D776BF;
					};
				};
			};
			buildConfigurationList = 43FDFE871F68CAA400D776BF /* Build configuration list for PBXProject "HybridContainer" */;
			compatibilityVersion = "Xcode 3.2";
			developmentRegion = English;
			hasScannedForEncodings = 0;
			knownRegions = (
				en,
				Base,
			);
			mainGroup = 43FDFE831F68CAA400D776BF;
			productRefGroup = 43FDFE8D1F68CAA500D776BF /* Products */;
			projectDirPath = "";
			projectRoot = "";
			targets = (
				43FDFE8B1F68CAA500D776BF /* HybridContainer */,
				43FDFEA11F68CAA500D776BF /* HybridContainerTests */,
				43FDFEAC1F68CAA500D776BF /* HybridContainerUITests */,
			);
		};
/* End PBXProject section */

/* Begin PBXResourcesBuildPhase section */
		43FDFE8A1F68CAA500D776BF /* Resources */ = {
			isa = PBXResourcesBuildPhase;
			buildActionMask = 2147483647;
			files = (
				43FDFE9C1F68CAA500D776BF /* LaunchScreen.storyboard in Resources */,
				43FDFE991F68CAA500D776BF /* Assets.xcassets in Resources */,
				43FDFE971F68CAA500D776BF /* Main.storyboard in Resources */,
			);
			runOnlyForDeploymentPostprocessing = 0;
		};
		43FDFEA01F68CAA500D776BF /* Resources */ = {
			isa = PBXResourcesBuildPhase;
			buildActionMask = 2147483647;
			files = (
			);
			runOnlyForDeploymentPostprocessing = 0;
		};
		43FDFEAB1F68CAA500D776BF /* Resources */ = {
			isa = PBXResourcesBuildPhase;
			buildActionMask = 2147483647;
			files = (
			);
			runOnlyForDeploymentPostprocessing = 0;
		};
/* End PBXResourcesBuildPhase section */

/* Begin PBXSourcesBuildPhase section */
		43FDFE881F68CAA500D776BF /* Sources */ = {
			isa = PBXSourcesBuildPhase;
			buildActionMask = 2147483647;
			files = (
				43FDFE941F68CAA500D776BF /* SecondViewController.swift in Sources */,
				43FDFE901F68CAA500D776BF /* AppDelegate.swift in Sources */,
				43FDFE921F68CAA500D776BF /* FirstViewController.swift in Sources */,
			);
			runOnlyForDeploymentPostprocessing = 0;
		};
		43FDFE9E1F68CAA500D776BF /* Sources */ = {
			isa = PBXSourcesBuildPhase;
			buildActionMask = 2147483647;
			files = (
				43FDFEA71F68CAA500D776BF /* HybridContainerTests.swift in Sources */,
			);
			runOnlyForDeploymentPostprocessing = 0;
		};
		43FDFEA91F68CAA500D776BF /* Sources */ = {
			isa = PBXSourcesBuildPhase;
			buildActionMask = 2147483647;
			files = (
				43FDFEB21F68CAA500D776BF /* HybridContainerUITests.swift in Sources */,
			);
			runOnlyForDeploymentPostprocessing = 0;
		};
/* End PBXSourcesBuildPhase section */

/* Begin PBXTargetDependency section */
		43FDFEA41F68CAA500D776BF /* PBXTargetDependency */ = {
			isa = PBXTargetDependency;
			target = 43FDFE8B1F68CAA500D776BF /* HybridContainer */;
			targetProxy = 43FDFEA31F68CAA500D776BF /* PBXContainerItemProxy */;
		};
		43FDFEAF1F68CAA500D776BF /* PBXTargetDependency */ = {
			isa = PBXTargetDependency;
			target = 43FDFE8B1F68CAA500D776BF /* HybridContainer */;
			targetProxy = 43FDFEAE1F68CAA500D776BF /* PBXContainerItemProxy */;
		};
/* End PBXTargetDependency section */

/* Begin PBXVariantGroup section */
		43FDFE951F68CAA500D776BF /* Main.storyboard */ = {
			isa = PBXVariantGroup;
			children = (
				43FDFE961F68CAA500D776BF /* Base */,
			);
			name = Main.storyboard;
			sourceTree = "<group>";
		};
		43FDFE9A1F68CAA500D776BF /* LaunchScreen.storyboard */ = {
			isa = PBXVariantGroup;
			children = (
				43FDFE9B1F68CAA500D776BF /* Base */,
			);
			name = LaunchScreen.storyboard;
			sourceTree = "<group>";
		};
/* End PBXVariantGroup section */

/* Begin XCBuildConfiguration section */
		43FDFEB41F68CAA500D776BF /* Debug */ = {
			isa = XCBuildConfiguration;
			buildSettings = {
				ALWAYS_SEARCH_USER_PATHS = NO;
				CLANG_ANALYZER_NONNULL = YES;
				CLANG_ANALYZER_NUMBER_OBJECT_CONVERSION = YES_AGGRESSIVE;
				CLANG_CXX_LANGUAGE_STANDARD = "gnu++0x";
				CLANG_CXX_LIBRARY = "libc++";
				CLANG_ENABLE_MODULES = YES;
				CLANG_ENABLE_OBJC_ARC = YES;
				CLANG_WARN_BOOL_CONVERSION = YES;
				CLANG_WARN_CONSTANT_CONVERSION = YES;
				CLANG_WARN_DIRECT_OBJC_ISA_USAGE = YES_ERROR;
				CLANG_WARN_DOCUMENTATION_COMMENTS = YES;
				CLANG_WARN_EMPTY_BODY = YES;
				CLANG_WARN_ENUM_CONVERSION = YES;
				CLANG_WARN_INFINITE_RECURSION = YES;
				CLANG_WARN_INT_CONVERSION = YES;
				CLANG_WARN_OBJC_ROOT_CLASS = YES_ERROR;
				CLANG_WARN_SUSPICIOUS_MOVE = YES;
				CLANG_WARN_UNREACHABLE_CODE = YES;
				CLANG_WARN__DUPLICATE_METHOD_MATCH = YES;
				"CODE_SIGN_IDENTITY[sdk=iphoneos*]" = "iPhone Developer";
				COPY_PHASE_STRIP = NO;
				DEBUG_INFORMATION_FORMAT = dwarf;
				ENABLE_STRICT_OBJC_MSGSEND = YES;
				ENABLE_TESTABILITY = YES;
				GCC_C_LANGUAGE_STANDARD = gnu99;
				GCC_DYNAMIC_NO_PIC = NO;
				GCC_NO_COMMON_BLOCKS = YES;
				GCC_OPTIMIZATION_LEVEL = 0;
				GCC_PREPROCESSOR_DEFINITIONS = (
					"DEBUG=1",
					"$(inherited)",
				);
				GCC_WARN_64_TO_32_BIT_CONVERSION = YES;
				GCC_WARN_ABOUT_RETURN_TYPE = YES_ERROR;
				GCC_WARN_UNDECLARED_SELECTOR = YES;
				GCC_WARN_UNINITIALIZED_AUTOS = YES_AGGRESSIVE;
				GCC_WARN_UNUSED_FUNCTION = YES;
				GCC_WARN_UNUSED_VARIABLE = YES;
				IPHONEOS_DEPLOYMENT_TARGET = 10.3;
				MTL_ENABLE_DEBUG_INFO = YES;
				ONLY_ACTIVE_ARCH = YES;
				SDKROOT = iphoneos;
				SWIFT_ACTIVE_COMPILATION_CONDITIONS = DEBUG;
				SWIFT_OPTIMIZATION_LEVEL = "-Onone";
			};
			name = Debug;
		};
		43FDFEB51F68CAA500D776BF /* Release */ = {
			isa = XCBuildConfiguration;
			buildSettings = {
				ALWAYS_SEARCH_USER_PATHS = NO;
				CLANG_ANALYZER_NONNULL = YES;
				CLANG_ANALYZER_NUMBER_OBJECT_CONVERSION = YES_AGGRESSIVE;
				CLANG_CXX_LANGUAGE_STANDARD = "gnu++0x";
				CLANG_CXX_LIBRARY = "libc++";
				CLANG_ENABLE_MODULES = YES;
				CLANG_ENABLE_OBJC_ARC = YES;
				CLANG_WARN_BOOL_CONVERSION = YES;
				CLANG_WARN_CONSTANT_CONVERSION = YES;
				CLANG_WARN_DIRECT_OBJC_ISA_USAGE = YES_ERROR;
				CLANG_WARN_DOCUMENTATION_COMMENTS = YES;
				CLANG_WARN_EMPTY_BODY = YES;
				CLANG_WARN_ENUM_CONVERSION = YES;
				CLANG_WARN_INFINITE_RECURSION = YES;
				CLANG_WARN_INT_CONVERSION = YES;
				CLANG_WARN_OBJC_ROOT_CLASS = YES_ERROR;
				CLANG_WARN_SUSPICIOUS_MOVE = YES;
				CLANG_WARN_UNREACHABLE_CODE = YES;
				CLANG_WARN__DUPLICATE_METHOD_MATCH = YES;
				"CODE_SIGN_IDENTITY[sdk=iphoneos*]" = "iPhone Developer";
				COPY_PHASE_STRIP = NO;
				DEBUG_INFORMATION_FORMAT = "dwarf-with-dsym";
				ENABLE_NS_ASSERTIONS = NO;
				ENABLE_STRICT_OBJC_MSGSEND = YES;
				GCC_C_LANGUAGE_STANDARD = gnu99;
				GCC_NO_COMMON_BLOCKS = YES;
				GCC_WARN_64_TO_32_BIT_CONVERSION = YES;
				GCC_WARN_ABOUT_RETURN_TYPE = YES_ERROR;
				GCC_WARN_UNDECLARED_SELECTOR = YES;
				GCC_WARN_UNINITIALIZED_AUTOS = YES_AGGRESSIVE;
				GCC_WARN_UNUSED_FUNCTION = YES;
				GCC_WARN_UNUSED_VARIABLE = YES;
				IPHONEOS_DEPLOYMENT_TARGET = 10.3;
				MTL_ENABLE_DEBUG_INFO = NO;
				SDKROOT = iphoneos;
				SWIFT_OPTIMIZATION_LEVEL = "-Owholemodule";
				VALIDATE_PRODUCT = YES;
			};
			name = Release;
		};
		43FDFEB71F68CAA500D776BF /* Debug */ = {
			isa = XCBuildConfiguration;
			buildSettings = {
				ASSETCATALOG_COMPILER_APPICON_NAME = AppIcon;
				INFOPLIST_FILE = HybridContainer/Info.plist;
				LD_RUNPATH_SEARCH_PATHS = "$(inherited) @executable_path/Frameworks";
				PRODUCT_BUNDLE_IDENTIFIER = "today.marry-me.HybridContainer";
				PRODUCT_NAME = "$(TARGET_NAME)";
				SWIFT_VERSION = 3.0;
			};
			name = Debug;
		};
		43FDFEB81F68CAA500D776BF /* Release */ = {
			isa = XCBuildConfiguration;
			buildSettings = {
				ASSETCATALOG_COMPILER_APPICON_NAME = AppIcon;
				INFOPLIST_FILE = HybridContainer/Info.plist;
				LD_RUNPATH_SEARCH_PATHS = "$(inherited) @executable_path/Frameworks";
				PRODUCT_BUNDLE_IDENTIFIER = "today.marry-me.HybridContainer";
				PRODUCT_NAME = "$(TARGET_NAME)";
				SWIFT_VERSION = 3.0;
			};
			name = Release;
		};
		43FDFEBA1F68CAA500D776BF /* Debug */ = {
			isa = XCBuildConfiguration;
			buildSettings = {
				ALWAYS_EMBED_SWIFT_STANDARD_LIBRARIES = YES;
				BUNDLE_LOADER = "$(TEST_HOST)";
				INFOPLIST_FILE = HybridContainerTests/Info.plist;
				LD_RUNPATH_SEARCH_PATHS = "$(inherited) @executable_path/Frameworks @loader_path/Frameworks";
				PRODUCT_BUNDLE_IDENTIFIER = "today.marry-me.HybridContainerTests";
				PRODUCT_NAME = "$(TARGET_NAME)";
				SWIFT_VERSION = 3.0;
				TEST_HOST = "$(BUILT_PRODUCTS_DIR)/HybridContainer.app/HybridContainer";
			};
			name = Debug;
		};
		43FDFEBB1F68CAA500D776BF /* Release */ = {
			isa = XCBuildConfiguration;
			buildSettings = {
				ALWAYS_EMBED_SWIFT_STANDARD_LIBRARIES = YES;
				BUNDLE_LOADER = "$(TEST_HOST)";
				INFOPLIST_FILE = HybridContainerTests/Info.plist;
				LD_RUNPATH_SEARCH_PATHS = "$(inherited) @executable_path/Frameworks @loader_path/Frameworks";
				PRODUCT_BUNDLE_IDENTIFIER = "today.marry-me.HybridContainerTests";
				PRODUCT_NAME = "$(TARGET_NAME)";
				SWIFT_VERSION = 3.0;
				TEST_HOST = "$(BUILT_PRODUCTS_DIR)/HybridContainer.app/HybridContainer";
			};
			name = Release;
		};
		43FDFEBD1F68CAA500D776BF /* Debug */ = {
			isa = XCBuildConfiguration;
			buildSettings = {
				ALWAYS_EMBED_SWIFT_STANDARD_LIBRARIES = YES;
				INFOPLIST_FILE = HybridContainerUITests/Info.plist;
				LD_RUNPATH_SEARCH_PATHS = "$(inherited) @executable_path/Frameworks @loader_path/Frameworks";
				PRODUCT_BUNDLE_IDENTIFIER = "today.marry-me.HybridContainerUITests";
				PRODUCT_NAME = "$(TARGET_NAME)";
				SWIFT_VERSION = 3.0;
				TEST_TARGET_NAME = HybridContainer;
			};
			name = Debug;
		};
		43FDFEBE1F68CAA500D776BF /* Release */ = {
			isa = XCBuildConfiguration;
			buildSettings = {
				ALWAYS_EMBED_SWIFT_STANDARD_LIBRARIES = YES;
				INFOPLIST_FILE = HybridContainerUITests/Info.plist;
				LD_RUNPATH_SEARCH_PATHS = "$(inherited) @executable_path/Frameworks @loader_path/Frameworks";
				PRODUCT_BUNDLE_IDENTIFIER = "today.marry-me.HybridContainerUITests";
				PRODUCT_NAME = "$(TARGET_NAME)";
				SWIFT_VERSION = 3.0;
				TEST_TARGET_NAME = HybridContainer;
			};
			name = Release;
		};
/* End XCBuildConfiguration section */

/* Begin XCConfigurationList section */
		43FDFE871F68CAA400D776BF /* Build configuration list for PBXProject "HybridContainer" */ = {
			isa = XCConfigurationList;
			buildConfigurations = (
				43FDFEB41F68CAA500D776BF /* Debug */,
				43FDFEB51F68CAA500D776BF /* Release */,
			);
			defaultConfigurationIsVisible = 0;
			defaultConfigurationName = Release;
		};
		43FDFEB61F68CAA500D776BF /* Build configuration list for PBXNativeTarget "HybridContainer" */ = {
			isa = XCConfigurationList;
			buildConfigurations = (
				43FDFEB71F68CAA500D776BF /* Debug */,
				43FDFEB81F68CAA500D776BF /* Release */,
			);
			defaultConfigurationIsVisible = 0;
		};
		43FDFEB91F68CAA500D776BF /* Build configuration list for PBXNativeTarget "HybridContainerTests" */ = {
			isa = XCConfigurationList;
			buildConfigurations = (
				43FDFEBA1F68CAA500D776BF /* Debug */,
				43FDFEBB1F68CAA500D776BF /* Release */,
			);
			defaultConfigurationIsVisible = 0;
		};
		43FDFEBC1F68CAA500D776BF /* Build configuration list for PBXNativeTarget "HybridContainerUITests" */ = {
			isa = XCConfigurationList;
			buildConfigurations = (
				43FDFEBD1F68CAA500D776BF /* Debug */,
				43FDFEBE1F68CAA500D776BF /* Release */,
			);
			defaultConfigurationIsVisible = 0;
		};
/* End XCConfigurationList section */
	};
	rootObject = 43FDFE841F68CAA400D776BF /* Project object */;
}
